github.com/gomodule/redigo v2.0.0+incompatible h1:K/R+8tc58AaqLkqG2Ol3Qk+DR/TlNuhuh457pBFPtt0=
github.com/gomodule/redigo v2.0.0+incompatible/go.mod h1:B4C85qUVwatsJoIUNIfCRsp7qO0iAmpGFZ4EELWSbC4=
github.com/gorilla/websocket v1.4.0 h1:WDFjx/TMzVgy9VdMMQi2K2Emtwi2QcUQsztZ/zLaH/Q=
github.com/gorilla/websocket v1.4.0/go.mod h1:E7qHFY5m1UJ88s3WnNqhKjPHQ0heANvMoAMk2YaljkQ=
github.com/mitchellh/mapstructure v1.1.2 h1:fmNYVwqnSfB9mZU6OS2O6GsXM+wcskZDuKQzvN1EDeE=
github.com/mitchellh/mapstructure v1.1.2/go.mod h1:FVVH3fgwuzCH5S8UJGiWEs2h04kUh9fWfEaFds41c1Y=
github.com/ssgo/config v0.0.2 h1:qVe5Ed+01XQv39NJZ7dLmDRFvqrfKhpDU+wXh8d3k9A=
github.com/ssgo/config v0.0.2/go.mod h1:KMUo4APqkvrktBaGllP/3PSomfHPxfSuYgF9v/OYs18=
github.com/ssgo/discover v0.0.4 h1:jzTp8lV5BHVBwv5SwVstmQE+3L1uzGN4TDcSHoKFyDk=
github.com/ssgo/discover v0.0.4/go.mod h1:xNEEzCkE+xzedFIbIsz5q2LueOViOYIVrUY+49kG5kw=
github.com/ssgo/httpclient v0.0.4 h1:2Z95uOGBlWBO49xbVATwqa/ewJmInxPCyWBd/jQK/7A=
github.com/ssgo/httpclient v0.0.4/go.mod h1:5gKGx51AQ7JpJrpCRhXXq1GSYxJQKoJwSDaj9B36BmU=
github.com/ssgo/log v0.0.5/go.mod h1:HV0WPots5hoLvMPI7QmqeCifgYv4bjFfOvNpdm6jgmE=
github.com/ssgo/log v0.0.9/go.mod h1:kA3pJtLXriVYGAgUgJHoeYYv0YKMP0AvvJhwNFrabB0=
github.com/ssgo/log v0.0.10 h1:4IEwXMP7ITGPByW2Xa2zoeQtq1UGzxQDX6M+Q5U2zIk=
github.com/ssgo/log v0.0.10/go.mod h1:kA3pJtLXriVYGAgUgJHoeYYv0YKMP0AvvJhwNFrabB0=
github.com/ssgo/redis v0.0.3 h1:kr0bC8WfB1ZS2ILK2P0AJhA2l9D1qHsaXMu9E495yZY=
github.com/ssgo/redis v0.0.3/go.mod h1:jZL1AqJpXGz93v7fEt10nlrCB5Vk4Eq4vUrQi/l21A8=
github.com/ssgo/s v1.1.4 h1:Wd5pYhvdxM0BdO4g9wXoNIUHtReO+7/RJ/It9vHz4Ak=
github.com/ssgo/s v1.1.4/go.mod h1:aBYa3kqtFf7qhszk7W7Q0+menutDFaW9q7Twi7UY4qY=
github.com/ssgo/standard v0.0.5/go.mod h1:kcsnIclf2s0dUDMzAxiQdHv28aFYHly4w9rUo2rP0pU=
github.com/ssgo/standard v0.0.7 h1:hQP2Q2Hw5xrkq3WAITPwx9YEY+MtTv7AZ7CrV6olxTc=
github.com/ssgo/standard v0.0.7/go.mod h1:kcsnIclf2s0dUDMzAxiQdHv28aFYHly4w9rUo2rP0pU=
github.com/ssgo/u v0.0.5/go.mod h1:9E5Iti4ch+30UZGgrG9TZG7JdSM6FwrqQH+47yICYI8=
github.com/ssgo/u v0.0.7 h1:csIeYkjVt0GYWUcEOS7iZZgi1MbH9UEaO/sUxf7IfBI=
github.com/ssgo/u v0.0.7/go.mod h1:9E5Iti4ch+30UZGgrG9TZG7JdSM6FwrqQH+47yICYI8=
golang.org/x/crypto v0.0.0-20190308221718-c2843e01d9a2/go.mod h1:djNgcEr1/C05ACkg1iLfiJU5Ep61QUkGW8qpdssI0+w=
golang.org/x/net v0.0.0-20190320064053-1272bf9dcd53 h1:kcXqo9vE6fsZY5X5Rd7R1l7fTgnWaDCVmln65REefiE=
golang.org/x/net v0.0.0-20190320064053-1272bf9dcd53/go.mod h1:t9HGtf8HONx5eT2rtn7q6eTqICYqUVnKs3thJo3Qplg=
golang.org/x/sys v0.0.0-20190215142949-d0b11bdaac8a/go.mod h1:STP8DvDyc/dI5b8T5hshtkjS+E42TnysNCUPdjciGhY=
golang.org/x/text v0.3.0 h1:g61tztE5qeGQ89tm6NTjjM9VPIm088od1l6aSorWRWg=
golang.org/x/text v0.3.0/go.mod h1:NqM8EUOU14njkJ3fqMW+pc6Ldnwhi/IjpwHt7yyuwOQ=
